
Microsoft Visual Studio Solution File, Format Version 12.00
# Visual Studio Version 17
VisualStudioVersion = 17.13.35806.99 d17.13
MinimumVisualStudioVersion = 10.0.40219.1
Project("{FAE04EC0-301F-11D3-BF4B-00C04F79EFBC}") = "CSharpGameEngine", "CSharpGameEngine.csproj", "{BE286A4D-EBB7-40CF-9F86-748A4F0F895B}"
EndProject
Global
	GlobalSection(SolutionConfigurationPlatforms) = preSolution
		Debug|Any CPU = Debug|Any CPU
		Release|Any CPU = Release|Any CPU
	EndGlobalSection
	GlobalSection(ProjectConfigurationPlatforms) = postSolution
		{BE286A4D-EBB7-40CF-9F86-748A4F0F895B}.Debug|Any CPU.ActiveCfg = Debug|Any CPU
		{BE286A4D-EBB7-40CF-9F86-748A4F0F895B}.Debug|Any CPU.Build.0 = Debug|Any CPU
		{BE286A4D-EBB7-40CF-9F86-748A4F0F895B}.Release|Any CPU.ActiveCfg = Release|Any CPU
		{BE286A4D-EBB7-40CF-9F86-748A4F0F895B}.Release|Any CPU.Build.0 = Release|Any CPU
	EndGlobalSection
	GlobalSection(SolutionProperties) = preSolution
		HideSolutionNode = FALSE
	EndGlobalSection
	GlobalSection(ExtensibilityGlobals) = postSolution
		SolutionGuid = {2F564386-0FC2-4BC6-B7AE-7CDE1F6449A8}
	EndGlobalSection
EndGlobal
